// !$*UTF8*$!
{
	archiveVersion = 1;
	classes = {
	};
	objectVersion = 77;
	objects = {

/* Begin PBXBuildFile section */
		D572E21B2E199B420061F187 /* Assets.xcassets in Resources */ = {isa = PBXBuildFile; fileRef = D572E2162E199B420061F187 /* Assets.xcassets */; };
		D572E21C2E199B420061F187 /* CartWiseApp.swift in Sources */ = {isa = PBXBuildFile; fileRef = D572E2172E199B420061F187 /* CartWiseApp.swift */; };
		D572E2212E199B460061F187 /* CartWiseTests.swift in Sources */ = {isa = PBXBuildFile; fileRef = D572E21F2E199B460061F187 /* CartWiseTests.swift */; };
		D572E2252E199B490061F187 /* CartWiseUITests.swift in Sources */ = {isa = PBXBuildFile; fileRef = D572E2222E199B490061F187 /* CartWiseUITests.swift */; };
		D572E2262E199B490061F187 /* CartWiseUITestsLaunchTests.swift in Sources */ = {isa = PBXBuildFile; fileRef = D572E2232E199B490061F187 /* CartWiseUITestsLaunchTests.swift */; };
/* End PBXBuildFile section */

/* Begin PBXContainerItemProxy section */
		D572E1FA2E199B380061F187 /* PBXContainerItemProxy */ = {
			isa = PBXContainerItemProxy;
			containerPortal = D572E1E22E199B370061F187 /* Project object */;
			proxyType = 1;
			remoteGlobalIDString = D572E1E92E199B370061F187;
			remoteInfo = CartWise;
		};
		D572E2042E199B380061F187 /* PBXContainerItemProxy */ = {
			isa = PBXContainerItemProxy;
			containerPortal = D572E1E22E199B370061F187 /* Project object */;
			proxyType = 1;
			remoteGlobalIDString = D572E1E92E199B370061F187;
			remoteInfo = CartWise;
		};
/* End PBXContainerItemProxy section */

/* Begin PBXFileReference section */
		D572E1EA2E199B370061F187 /* CartWise.app */ = {isa = PBXFileReference; explicitFileType = wrapper.application; includeInIndex = 0; path = CartWise.app; sourceTree = BUILT_PRODUCTS_DIR; };
		D572E1F92E199B380061F187 /* CartWiseTests.xctest */ = {isa = PBXFileReference; explicitFileType = wrapper.cfbundle; includeInIndex = 0; path = CartWiseTests.xctest; sourceTree = BUILT_PRODUCTS_DIR; };
		D572E2032E199B380061F187 /* CartWiseUITests.xctest */ = {isa = PBXFileReference; explicitFileType = wrapper.cfbundle; includeInIndex = 0; path = CartWiseUITests.xctest; sourceTree = BUILT_PRODUCTS_DIR; };
		D572E2162E199B420061F187 /* Assets.xcassets */ = {isa = PBXFileReference; lastKnownFileType = folder.assetcatalog; path = Assets.xcassets; sourceTree = "<group>"; };
		D572E2172E199B420061F187 /* CartWiseApp.swift */ = {isa = PBXFileReference; lastKnownFileType = sourcecode.swift; path = CartWiseApp.swift; sourceTree = "<group>"; };
		D572E21F2E199B460061F187 /* CartWiseTests.swift */ = {isa = PBXFileReference; lastKnownFileType = sourcecode.swift; path = CartWiseTests.swift; sourceTree = "<group>"; };
		D572E2222E199B490061F187 /* CartWiseUITests.swift */ = {isa = PBXFileReference; lastKnownFileType = sourcecode.swift; path = CartWiseUITests.swift; sourceTree = "<group>"; };
		D572E2232E199B490061F187 /* CartWiseUITestsLaunchTests.swift */ = {isa = PBXFileReference; lastKnownFileType = sourcecode.swift; path = CartWiseUITestsLaunchTests.swift; sourceTree = "<group>"; };
/* End PBXFileReference section */

/* Begin PBXFileSystemSynchronizedRootGroup section */
		57E0A7EB2E1F1BA300A52D48 /* Resources */ = {
			isa = PBXFileSystemSynchronizedRootGroup;
			path = Resources;
			sourceTree = "<group>";
		};
		6086E4DD2E22D8F900E6A19C /* Utilities */ = {
			isa = PBXFileSystemSynchronizedRootGroup;
			path = Utilities;
			sourceTree = "<group>";
		};
		D52DC92E2E25D0240033D144 /* Repository */ = {
			isa = PBXFileSystemSynchronizedRootGroup;
			path = Repository;
			sourceTree = "<group>";
		};
		D572E22A2E199BCD0061F187 /* Model */ = {
			isa = PBXFileSystemSynchronizedRootGroup;
			path = Model;
			sourceTree = "<group>";
		};
		D572E22B2E199BD60061F187 /* Views */ = {
			isa = PBXFileSystemSynchronizedRootGroup;
			path = Views;
			sourceTree = "<group>";
		};
		D572E22C2E199BE20061F187 /* ViewModel */ = {
			isa = PBXFileSystemSynchronizedRootGroup;
			path = ViewModel;
			sourceTree = "<group>";
		};
		D572E22D2E199BF60061F187 /* Navigation */ = {
			isa = PBXFileSystemSynchronizedRootGroup;
			path = Navigation;
			sourceTree = "<group>";
		};
/* End PBXFileSystemSynchronizedRootGroup section */

/* Begin PBXFrameworksBuildPhase section */
		D572E1E72E199B370061F187 /* Frameworks */ = {
			isa = PBXFrameworksBuildPhase;
			buildActionMask = 2147483647;
			files = (
			);
			runOnlyForDeploymentPostprocessing = 0;
		};
		D572E1F62E199B380061F187 /* Frameworks */ = {
			isa = PBXFrameworksBuildPhase;
			buildActionMask = 2147483647;
			files = (
			);
			runOnlyForDeploymentPostprocessing = 0;
		};
		D572E2002E199B380061F187 /* Frameworks */ = {
			isa = PBXFrameworksBuildPhase;
			buildActionMask = 2147483647;
			files = (
			);
			runOnlyForDeploymentPostprocessing = 0;
		};
/* End PBXFrameworksBuildPhase section */

/* Begin PBXGroup section */
		D572E1E12E199B370061F187 = {
			isa = PBXGroup;
			children = (
				D572E21A2E199B420061F187 /* CartWise */,
				D572E2202E199B460061F187 /* CartWiseTests */,
				D572E2242E199B490061F187 /* CartWiseUITests */,
				D572E1EB2E199B370061F187 /* Products */,
			);
			sourceTree = "<group>";
		};
		D572E1EB2E199B370061F187 /* Products */ = {
			isa = PBXGroup;
			children = (
				D572E1EA2E199B370061F187 /* CartWise.app */,
				D572E1F92E199B380061F187 /* CartWiseTests.xctest */,
				D572E2032E199B380061F187 /* CartWiseUITests.xctest */,
			);
			name = Products;
			sourceTree = "<group>";
		};
		D572E21A2E199B420061F187 /* CartWise */ = {
			isa = PBXGroup;
			children = (
				6086E4DD2E22D8F900E6A19C /* Utilities */,
				57E0A7EB2E1F1BA300A52D48 /* Resources */,
				D52DC92E2E25D0240033D144 /* Repository */,
				D572E22D2E199BF60061F187 /* Navigation */,
				D572E22C2E199BE20061F187 /* ViewModel */,
				D572E22B2E199BD60061F187 /* Views */,
				D572E22A2E199BCD0061F187 /* Model */,
				D572E2162E199B420061F187 /* Assets.xcassets */,
				D572E2172E199B420061F187 /* CartWiseApp.swift */,
			);
			path = CartWise;
			sourceTree = "<group>";
		};
		D572E2202E199B460061F187 /* CartWiseTests */ = {
			isa = PBXGroup;
			children = (
				D572E21F2E199B460061F187 /* CartWiseTests.swift */,
			);
			path = CartWiseTests;
			sourceTree = "<group>";
		};
		D572E2242E199B490061F187 /* CartWiseUITests */ = {
			isa = PBXGroup;
			children = (
				D572E2222E199B490061F187 /* CartWiseUITests.swift */,
				D572E2232E199B490061F187 /* CartWiseUITestsLaunchTests.swift */,
			);
			path = CartWiseUITests;
			sourceTree = "<group>";
		};
/* End PBXGroup section */

/* Begin PBXNativeTarget section */
		D572E1E92E199B370061F187 /* CartWise */ = {
			isa = PBXNativeTarget;
			buildConfigurationList = D572E20D2E199B380061F187 /* Build configuration list for PBXNativeTarget "CartWise" */;
			buildPhases = (
				D572E1E62E199B370061F187 /* Sources */,
				D572E1E72E199B370061F187 /* Frameworks */,
				D572E1E82E199B370061F187 /* Resources */,
			);
			buildRules = (
			);
			dependencies = (
			);
			fileSystemSynchronizedGroups = (
				57E0A7EB2E1F1BA300A52D48 /* Resources */,
				6086E4DD2E22D8F900E6A19C /* Utilities */,
				D52DC92E2E25D0240033D144 /* Repository */,
				D572E22A2E199BCD0061F187 /* Model */,
				D572E22B2E199BD60061F187 /* Views */,
				D572E22C2E199BE20061F187 /* ViewModel */,
				D572E22D2E199BF60061F187 /* Navigation */,
			);
			name = CartWise;
			packageProductDependencies = (
			);
			productName = CartWise;
			productReference = D572E1EA2E199B370061F187 /* CartWise.app */;
			productType = "com.apple.product-type.application";
		};
		D572E1F82E199B380061F187 /* CartWiseTests */ = {
			isa = PBXNativeTarget;
			buildConfigurationList = D572E2102E199B380061F187 /* Build configuration list for PBXNativeTarget "CartWiseTests" */;
			buildPhases = (
				D572E1F52E199B380061F187 /* Sources */,
				D572E1F62E199B380061F187 /* Frameworks */,
				D572E1F72E199B380061F187 /* Resources */,
			);
			buildRules = (
			);
			dependencies = (
				D572E1FB2E199B380061F187 /* PBXTargetDependency */,
			);
			name = CartWiseTests;
			packageProductDependencies = (
			);
			productName = CartWiseTests;
			productReference = D572E1F92E199B380061F187 /* CartWiseTests.xctest */;
			productType = "com.apple.product-type.bundle.unit-test";
		};
		D572E2022E199B380061F187 /* CartWiseUITests */ = {
			isa = PBXNativeTarget;
			buildConfigurationList = D572E2132E199B380061F187 /* Build configuration list for PBXNativeTarget "CartWiseUITests" */;
			buildPhases = (
				D572E1FF2E199B380061F187 /* Sources */,
				D572E2002E199B380061F187 /* Frameworks */,
				D572E2012E199B380061F187 /* Resources */,
			);
			buildRules = (
			);
			dependencies = (
				D572E2052E199B380061F187 /* PBXTargetDependency */,
			);
			name = CartWiseUITests;
			packageProductDependencies = (
			);
			productName = CartWiseUITests;
			productReference = D572E2032E199B380061F187 /* CartWiseUITests.xctest */;
			productType = "com.apple.product-type.bundle.ui-testing";
		};
/* End PBXNativeTarget section */

/* Begin PBXProject section */
		D572E1E22E199B370061F187 /* Project object */ = {
			isa = PBXProject;
			attributes = {
				BuildIndependentTargetsInParallel = 1;
				LastSwiftUpdateCheck = 1630;
				LastUpgradeCheck = 1640;
				TargetAttributes = {
					D572E1E92E199B370061F187 = {
						CreatedOnToolsVersion = 16.3;
					};
					D572E1F82E199B380061F187 = {
						CreatedOnToolsVersion = 16.3;
						TestTargetID = D572E1E92E199B370061F187;
					};
					D572E2022E199B380061F187 = {
						CreatedOnToolsVersion = 16.3;
						TestTargetID = D572E1E92E199B370061F187;
					};
				};
			};
			buildConfigurationList = D572E1E52E199B370061F187 /* Build configuration list for PBXProject "CartWise" */;
			developmentRegion = en;
			hasScannedForEncodings = 0;
			knownRegions = (
				en,
				Base,
			);
			mainGroup = D572E1E12E199B370061F187;
			minimizedProjectReferenceProxies = 1;
			packageReferences = (
			);
			preferredProjectObjectVersion = 77;
			productRefGroup = D572E1EB2E199B370061F187 /* Products */;
			projectDirPath = "";
			projectRoot = "";
			targets = (
				D572E1E92E199B370061F187 /* CartWise */,
				D572E1F82E199B380061F187 /* CartWiseTests */,
				D572E2022E199B380061F187 /* CartWiseUITests */,
			);
		};
/* End PBXProject section */

/* Begin PBXResourcesBuildPhase section */
		D572E1E82E199B370061F187 /* Resources */ = {
			isa = PBXResourcesBuildPhase;
			buildActionMask = 2147483647;
			files = (
				D572E21B2E199B420061F187 /* Assets.xcassets in Resources */,
			);
			runOnlyForDeploymentPostprocessing = 0;
		};
		D572E1F72E199B380061F187 /* Resources */ = {
			isa = PBXResourcesBuildPhase;
			buildActionMask = 2147483647;
			files = (
			);
			runOnlyForDeploymentPostprocessing = 0;
		};
		D572E2012E199B380061F187 /* Resources */ = {
			isa = PBXResourcesBuildPhase;
			buildActionMask = 2147483647;
			files = (
			);
			runOnlyForDeploymentPostprocessing = 0;
		};
/* End PBXResourcesBuildPhase section */

/* Begin PBXSourcesBuildPhase section */
		D572E1E62E199B370061F187 /* Sources */ = {
			isa = PBXSourcesBuildPhase;
			buildActionMask = 2147483647;
			files = (
				D572E21C2E199B420061F187 /* CartWiseApp.swift in Sources */,
			);
			runOnlyForDeploymentPostprocessing = 0;
		};
		D572E1F52E199B380061F187 /* Sources */ = {
			isa = PBXSourcesBuildPhase;
			buildActionMask = 2147483647;
			files = (
				D572E2212E199B460061F187 /* CartWiseTests.swift in Sources */,
			);
			runOnlyForDeploymentPostprocessing = 0;
		};
		D572E1FF2E199B380061F187 /* Sources */ = {
			isa = PBXSourcesBuildPhase;
			buildActionMask = 2147483647;
			files = (
				D572E2252E199B490061F187 /* CartWiseUITests.swift in Sources */,
				D572E2262E199B490061F187 /* CartWiseUITestsLaunchTests.swift in Sources */,
			);
			runOnlyForDeploymentPostprocessing = 0;
		};
/* End PBXSourcesBuildPhase section */

/* Begin PBXTargetDependency section */
		D572E1FB2E199B380061F187 /* PBXTargetDependency */ = {
			isa = PBXTargetDependency;
			target = D572E1E92E199B370061F187 /* CartWise */;
			targetProxy = D572E1FA2E199B380061F187 /* PBXContainerItemProxy */;
		};
		D572E2052E199B380061F187 /* PBXTargetDependency */ = {
			isa = PBXTargetDependency;
			target = D572E1E92E199B370061F187 /* CartWise */;
			targetProxy = D572E2042E199B380061F187 /* PBXContainerItemProxy */;
		};
/* End PBXTargetDependency section */

/* Begin XCBuildConfiguration section */
		D572E20B2E199B380061F187 /* Debug */ = {
			isa = XCBuildConfiguration;
			buildSettings = {
				ALWAYS_SEARCH_USER_PATHS = NO;
				ASSETCATALOG_COMPILER_GENERATE_SWIFT_ASSET_SYMBOL_EXTENSIONS = YES;
				CLANG_ANALYZER_NONNULL = YES;
				CLANG_ANALYZER_NUMBER_OBJECT_CONVERSION = YES_AGGRESSIVE;
				CLANG_CXX_LANGUAGE_STANDARD = "gnu++20";
				CLANG_ENABLE_MODULES = YES;
				CLANG_ENABLE_OBJC_ARC = YES;
				CLANG_ENABLE_OBJC_WEAK = YES;
				CLANG_WARN_BLOCK_CAPTURE_AUTORELEASING = YES;
				CLANG_WARN_BOOL_CONVERSION = YES;
				CLANG_WARN_COMMA = YES;
				CLANG_WARN_CONSTANT_CONVERSION = YES;
				CLANG_WARN_DEPRECATED_OBJC_IMPLEMENTATIONS = YES;
				CLANG_WARN_DIRECT_OBJC_ISA_USAGE = YES_ERROR;
				CLANG_WARN_DOCUMENTATION_COMMENTS = YES;
				CLANG_WARN_EMPTY_BODY = YES;
				CLANG_WARN_ENUM_CONVERSION = YES;
				CLANG_WARN_INFINITE_RECURSION = YES;
				CLANG_WARN_INT_CONVERSION = YES;
				CLANG_WARN_NON_LITERAL_NULL_CONVERSION = YES;
				CLANG_WARN_OBJC_IMPLICIT_RETAIN_SELF = YES;
				CLANG_WARN_OBJC_LITERAL_CONVERSION = YES;
				CLANG_WARN_OBJC_ROOT_CLASS = YES_ERROR;
				CLANG_WARN_QUOTED_INCLUDE_IN_FRAMEWORK_HEADER = YES;
				CLANG_WARN_RANGE_LOOP_ANALYSIS = YES;
				CLANG_WARN_STRICT_PROTOTYPES = YES;
				CLANG_WARN_SUSPICIOUS_MOVE = YES;
				CLANG_WARN_UNGUARDED_AVAILABILITY = YES_AGGRESSIVE;
				CLANG_WARN_UNREACHABLE_CODE = YES;
				CLANG_WARN__DUPLICATE_METHOD_MATCH = YES;
				COPY_PHASE_STRIP = NO;
				DEBUG_INFORMATION_FORMAT = dwarf;
				DEVELOPMENT_TEAM = LDW5T59NC3;
				ENABLE_RESOURCE_ACCESS_CAMERA = YES;
				ENABLE_STRICT_OBJC_MSGSEND = YES;
				ENABLE_TESTABILITY = YES;
				ENABLE_USER_SCRIPT_SANDBOXING = YES;
				GCC_C_LANGUAGE_STANDARD = gnu17;
				GCC_DYNAMIC_NO_PIC = NO;
				GCC_NO_COMMON_BLOCKS = YES;
				GCC_OPTIMIZATION_LEVEL = 0;
				GCC_PREPROCESSOR_DEFINITIONS = (
					"DEBUG=1",
					"$(inherited)",
				);
				GCC_WARN_64_TO_32_BIT_CONVERSION = YES;
				GCC_WARN_ABOUT_RETURN_TYPE = YES_ERROR;
				GCC_WARN_UNDECLARED_SELECTOR = YES;
				GCC_WARN_UNINITIALIZED_AUTOS = YES_AGGRESSIVE;
				GCC_WARN_UNUSED_FUNCTION = YES;
				GCC_WARN_UNUSED_VARIABLE = YES;
				IPHONEOS_DEPLOYMENT_TARGET = 17.6;
				LOCALIZATION_PREFERS_STRING_CATALOGS = YES;
				MTL_ENABLE_DEBUG_INFO = INCLUDE_SOURCE;
				MTL_FAST_MATH = YES;
				ONLY_ACTIVE_ARCH = YES;
				SDKROOT = iphoneos;
				SWIFT_ACTIVE_COMPILATION_CONDITIONS = "DEBUG $(inherited)";
				SWIFT_OPTIMIZATION_LEVEL = "-Onone";
			};
			name = Debug;
		};
		D572E20C2E199B380061F187 /* Release */ = {
			isa = XCBuildConfiguration;
			buildSettings = {
				ALWAYS_SEARCH_USER_PATHS = NO;
				ASSETCATALOG_COMPILER_GENERATE_SWIFT_ASSET_SYMBOL_EXTENSIONS = YES;
				CLANG_ANALYZER_NONNULL = YES;
				CLANG_ANALYZER_NUMBER_OBJECT_CONVERSION = YES_AGGRESSIVE;
				CLANG_CXX_LANGUAGE_STANDARD = "gnu++20";
				CLANG_ENABLE_MODULES = YES;
				CLANG_ENABLE_OBJC_ARC = YES;
				CLANG_ENABLE_OBJC_WEAK = YES;
				CLANG_WARN_BLOCK_CAPTURE_AUTORELEASING = YES;
				CLANG_WARN_BOOL_CONVERSION = YES;
				CLANG_WARN_COMMA = YES;
				CLANG_WARN_CONSTANT_CONVERSION = YES;
				CLANG_WARN_DEPRECATED_OBJC_IMPLEMENTATIONS = YES;
				CLANG_WARN_DIRECT_OBJC_ISA_USAGE = YES_ERROR;
				CLANG_WARN_DOCUMENTATION_COMMENTS = YES;
				CLANG_WARN_EMPTY_BODY = YES;
				CLANG_WARN_ENUM_CONVERSION = YES;
				CLANG_WARN_INFINITE_RECURSION = YES;
				CLANG_WARN_INT_CONVERSION = YES;
				CLANG_WARN_NON_LITERAL_NULL_CONVERSION = YES;
				CLANG_WARN_OBJC_IMPLICIT_RETAIN_SELF = YES;
				CLANG_WARN_OBJC_LITERAL_CONVERSION = YES;
				CLANG_WARN_OBJC_ROOT_CLASS = YES_ERROR;
				CLANG_WARN_QUOTED_INCLUDE_IN_FRAMEWORK_HEADER = YES;
				CLANG_WARN_RANGE_LOOP_ANALYSIS = YES;
				CLANG_WARN_STRICT_PROTOTYPES = YES;
				CLANG_WARN_SUSPICIOUS_MOVE = YES;
				CLANG_WARN_UNGUARDED_AVAILABILITY = YES_AGGRESSIVE;
				CLANG_WARN_UNREACHABLE_CODE = YES;
				CLANG_WARN__DUPLICATE_METHOD_MATCH = YES;
				COPY_PHASE_STRIP = NO;
				DEBUG_INFORMATION_FORMAT = "dwarf-with-dsym";
				DEVELOPMENT_TEAM = LDW5T59NC3;
				ENABLE_NS_ASSERTIONS = NO;
				ENABLE_RESOURCE_ACCESS_CAMERA = YES;
				ENABLE_STRICT_OBJC_MSGSEND = YES;
				ENABLE_USER_SCRIPT_SANDBOXING = YES;
				GCC_C_LANGUAGE_STANDARD = gnu17;
				GCC_NO_COMMON_BLOCKS = YES;
				GCC_WARN_64_TO_32_BIT_CONVERSION = YES;
				GCC_WARN_ABOUT_RETURN_TYPE = YES_ERROR;
				GCC_WARN_UNDECLARED_SELECTOR = YES;
				GCC_WARN_UNINITIALIZED_AUTOS = YES_AGGRESSIVE;
				GCC_WARN_UNUSED_FUNCTION = YES;
				GCC_WARN_UNUSED_VARIABLE = YES;
				IPHONEOS_DEPLOYMENT_TARGET = 17.6;
				LOCALIZATION_PREFERS_STRING_CATALOGS = YES;
				MTL_ENABLE_DEBUG_INFO = NO;
				MTL_FAST_MATH = YES;
				SDKROOT = iphoneos;
				SWIFT_COMPILATION_MODE = wholemodule;
				VALIDATE_PRODUCT = YES;
			};
			name = Release;
		};
		D572E20E2E199B380061F187 /* Debug */ = {
			isa = XCBuildConfiguration;
			buildSettings = {
				ASSETCATALOG_COMPILER_APPICON_NAME = AppIcon;
				ASSETCATALOG_COMPILER_GLOBAL_ACCENT_COLOR_NAME = AccentColor;
				CODE_SIGN_IDENTITY = "Apple Development";
				CODE_SIGN_STYLE = Automatic;
				CURRENT_PROJECT_VERSION = 1;
				DEVELOPMENT_TEAM = LDW5T59NC3;
				ENABLE_PREVIEWS = YES;
				ENABLE_RESOURCE_ACCESS_CAMERA = YES;
				GENERATE_INFOPLIST_FILE = YES;
				INFOPLIST_FILE = "";
				INFOPLIST_KEY_LSApplicationCategoryType = "";
				INFOPLIST_KEY_NSCameraUsageDescription = "This app needs camera access to scan barcodes and add products to your shopping list.";
				INFOPLIST_KEY_UIApplicationSceneManifest_Generation = YES;
				INFOPLIST_KEY_UIApplicationSupportsIndirectInputEvents = YES;
				INFOPLIST_KEY_UILaunchScreen_Generation = YES;
				INFOPLIST_KEY_UISupportedInterfaceOrientations_iPad = "UIInterfaceOrientationPortrait UIInterfaceOrientationPortraitUpsideDown UIInterfaceOrientationLandscapeLeft UIInterfaceOrientationLandscapeRight";
				INFOPLIST_KEY_UISupportedInterfaceOrientations_iPhone = "UIInterfaceOrientationPortrait UIInterfaceOrientationLandscapeLeft UIInterfaceOrientationLandscapeRight";
				IPHONEOS_DEPLOYMENT_TARGET = 17.6;
				LD_RUNPATH_SEARCH_PATHS = (
					"$(inherited)",
					"@executable_path/Frameworks",
				);
				MARKETING_VERSION = 1.0;
				PRODUCT_BUNDLE_IDENTIFIER = cs467.CartWise.alex;
				PRODUCT_NAME = "$(TARGET_NAME)";
				PROVISIONING_PROFILE_SPECIFIER = "";
				SWIFT_EMIT_LOC_STRINGS = YES;
				SWIFT_VERSION = 5.0;
				TARGETED_DEVICE_FAMILY = "1,2";
			};
			name = Debug;
		};
		D572E20F2E199B380061F187 /* Release */ = {
			isa = XCBuildConfiguration;
			buildSettings = {
				ASSETCATALOG_COMPILER_APPICON_NAME = AppIcon;
				ASSETCATALOG_COMPILER_GLOBAL_ACCENT_COLOR_NAME = AccentColor;
				CODE_SIGN_IDENTITY = "Apple Development";
				CODE_SIGN_STYLE = Automatic;
				CURRENT_PROJECT_VERSION = 1;
				DEVELOPMENT_TEAM = LDW5T59NC3;
				ENABLE_PREVIEWS = YES;
				ENABLE_RESOURCE_ACCESS_CAMERA = YES;
				GENERATE_INFOPLIST_FILE = YES;
				INFOPLIST_FILE = "";
				INFOPLIST_KEY_LSApplicationCategoryType = "";
				INFOPLIST_KEY_NSCameraUsageDescription = "This app needs camera access to scan barcodes and add products to your shopping list.";
				INFOPLIST_KEY_UIApplicationSceneManifest_Generation = YES;
				INFOPLIST_KEY_UIApplicationSupportsIndirectInputEvents = YES;
				INFOPLIST_KEY_UILaunchScreen_Generation = YES;
				INFOPLIST_KEY_UISupportedInterfaceOrientations_iPad = "UIInterfaceOrientationPortrait UIInterfaceOrientationPortraitUpsideDown UIInterfaceOrientationLandscapeLeft UIInterfaceOrientationLandscapeRight";
				INFOPLIST_KEY_UISupportedInterfaceOrientations_iPhone = "UIInterfaceOrientationPortrait UIInterfaceOrientationLandscapeLeft UIInterfaceOrientationLandscapeRight";
				IPHONEOS_DEPLOYMENT_TARGET = 17.6;
				LD_RUNPATH_SEARCH_PATHS = (
					"$(inherited)",
					"@executable_path/Frameworks",
				);
				MARKETING_VERSION = 1.0;
				PRODUCT_BUNDLE_IDENTIFIER = cs467.CartWise.alex;
				PRODUCT_NAME = "$(TARGET_NAME)";
				PROVISIONING_PROFILE_SPECIFIER = "";
				SWIFT_EMIT_LOC_STRINGS = YES;
				SWIFT_VERSION = 5.0;
				TARGETED_DEVICE_FAMILY = "1,2";
			};
			name = Release;
		};
		D572E2112E199B380061F187 /* Debug */ = {
			isa = XCBuildConfiguration;
			buildSettings = {
				BUNDLE_LOADER = "$(TEST_HOST)";
				CODE_SIGN_STYLE = Automatic;
				CURRENT_PROJECT_VERSION = 1;
				GENERATE_INFOPLIST_FILE = YES;
				IPHONEOS_DEPLOYMENT_TARGET = 17.6;
				MARKETING_VERSION = 1.0;
				PRODUCT_BUNDLE_IDENTIFIER = cs467.CartWiseTests;
				PRODUCT_NAME = "$(TARGET_NAME)";
				SWIFT_EMIT_LOC_STRINGS = NO;
				SWIFT_VERSION = 5.0;
				TARGETED_DEVICE_FAMILY = "1,2";
				TEST_HOST = "$(BUILT_PRODUCTS_DIR)/CartWise.app/$(BUNDLE_EXECUTABLE_FOLDER_PATH)/CartWise";
			};
			name = Debug;
		};
		D572E2122E199B380061F187 /* Release */ = {
			isa = XCBuildConfiguration;
			buildSettings = {
				BUNDLE_LOADER = "$(TEST_HOST)";
				CODE_SIGN_STYLE = Automatic;
				CURRENT_PROJECT_VERSION = 1;
				GENERATE_INFOPLIST_FILE = YES;
				IPHONEOS_DEPLOYMENT_TARGET = 17.6;
				MARKETING_VERSION = 1.0;
				PRODUCT_BUNDLE_IDENTIFIER = cs467.CartWiseTests;
				PRODUCT_NAME = "$(TARGET_NAME)";
				SWIFT_EMIT_LOC_STRINGS = NO;
				SWIFT_VERSION = 5.0;
				TARGETED_DEVICE_FAMILY = "1,2";
				TEST_HOST = "$(BUILT_PRODUCTS_DIR)/CartWise.app/$(BUNDLE_EXECUTABLE_FOLDER_PATH)/CartWise";
			};
			name = Release;
		};
		D572E2142E199B380061F187 /* Debug */ = {
			isa = XCBuildConfiguration;
			buildSettings = {
				CODE_SIGN_STYLE = Automatic;
				CURRENT_PROJECT_VERSION = 1;
				GENERATE_INFOPLIST_FILE = YES;
				MARKETING_VERSION = 1.0;
				PRODUCT_BUNDLE_IDENTIFIER = cs467.CartWiseUITests;
				PRODUCT_NAME = "$(TARGET_NAME)";
				SWIFT_EMIT_LOC_STRINGS = NO;
				SWIFT_VERSION = 5.0;
				TARGETED_DEVICE_FAMILY = "1,2";
				TEST_TARGET_NAME = CartWise;
			};
			name = Debug;
		};
		D572E2152E199B380061F187 /* Release */ = {
			isa = XCBuildConfiguration;
			buildSettings = {
				CODE_SIGN_STYLE = Automatic;
				CURRENT_PROJECT_VERSION = 1;
				GENERATE_INFOPLIST_FILE = YES;
				MARKETING_VERSION = 1.0;
				PRODUCT_BUNDLE_IDENTIFIER = cs467.CartWiseUITests;
				PRODUCT_NAME = "$(TARGET_NAME)";
				SWIFT_EMIT_LOC_STRINGS = NO;
				SWIFT_VERSION = 5.0;
				TARGETED_DEVICE_FAMILY = "1,2";
				TEST_TARGET_NAME = CartWise;
			};
			name = Release;
		};
/* End XCBuildConfiguration section */

/* Begin XCConfigurationList section */
		D572E1E52E199B370061F187 /* Build configuration list for PBXProject "CartWise" */ = {
			isa = XCConfigurationList;
			buildConfigurations = (
				D572E20B2E199B380061F187 /* Debug */,
				D572E20C2E199B380061F187 /* Release */,
			);
			defaultConfigurationIsVisible = 0;
			defaultConfigurationName = Release;
		};
		D572E20D2E199B380061F187 /* Build configuration list for PBXNativeTarget "CartWise" */ = {
			isa = XCConfigurationList;
			buildConfigurations = (
				D572E20E2E199B380061F187 /* Debug */,
				D572E20F2E199B380061F187 /* Release */,
			);
			defaultConfigurationIsVisible = 0;
			defaultConfigurationName = Release;
		};
		D572E2102E199B380061F187 /* Build configuration list for PBXNativeTarget "CartWiseTests" */ = {
			isa = XCConfigurationList;
			buildConfigurations = (
				D572E2112E199B380061F187 /* Debug */,
				D572E2122E199B380061F187 /* Release */,
			);
			defaultConfigurationIsVisible = 0;
			defaultConfigurationName = Release;
		};
		D572E2132E199B380061F187 /* Build configuration list for PBXNativeTarget "CartWiseUITests" */ = {
			isa = XCConfigurationList;
			buildConfigurations = (
				D572E2142E199B380061F187 /* Debug */,
				D572E2152E199B380061F187 /* Release */,
			);
			defaultConfigurationIsVisible = 0;
			defaultConfigurationName = Release;
		};
/* End XCConfigurationList section */
	};
	rootObject = D572E1E22E199B370061F187 /* Project object */;
}
